github.com/duke-git/lancet/v2 v2.3.6 h1:NKxSSh+dlgp37funvxLCf3xLBeUYa7VW1thYQP6j3Y8=
github.com/duke-git/lancet/v2 v2.3.6/go.mod h1:zGa2R4xswg6EG9I6WnyubDbFO/+A/RROxIbXcwryTsc=
github.com/fatih/structs v1.1.0 h1:Q7juDM0QtcnhCpeyLGQKyg4TOIghuNXrkL32pHAUMxo=
github.com/fatih/structs v1.1.0/go.mod h1:9NiDSp5zOcgEDl+j00MP/WkGVPOlPRLejGD8Ga6PJ7M=
github.com/huifurepo/bspay-go-sdk v1.0.18 h1:eh4Lr8RUynSXAT6ZKGB3bIGUGMRP6NtJvvoNmIXUpBk=
github.com/huifurepo/bspay-go-sdk v1.0.18/go.mod h1:JmPvLvnRUFG33EMZQqOTUg6mnoDt/ugH8bfmA918UEk=
golang.org/x/exp v0.0.0-20221208152030-732eee02a75a h1:4iLhBPcpqFmylhnkbY3W0ONLUYYkDAW9xMFLfxgsvCw=
golang.org/x/exp v0.0.0-20221208152030-732eee02a75a/go.mod h1:CxIveKay+FTh1D0yPZemJVgC/95VzuuOLq5Qi4xnoYc=
golang.org/x/text v0.9.0 h1:2sjJmO8cDvYveuX97RDLsxlyUxLl+GHoLxBiRdHllBE=
golang.org/x/text v0.9.0/go.mod h1:e1OnstbJyHTd6l/uOt8jFFHp6TRDWZR/bV3emEE/zU8=
